
Microsoft Visual Studio Solution File, Format Version 12.00
# Visual Studio Version 17
VisualStudioVersion = 17.5.002.0
MinimumVisualStudioVersion = 10.0.40219.1
Project("{9A19103F-16F7-4668-BE54-9A1E7A4F7556}") = "02-HelloWorld", "02-HelloWorld.csproj", "{59A8B756-87EB-4F03-A148-56A495B0A4F8}"
EndProject
Project("{FAE04EC0-301F-11D3-BF4B-00C04F79EFBC}") = "03-SimpleTypesConversion", "..\03-SimpleTypesConversion\03-SimpleTypesConversion.csproj", "{D28CDF5F-999C-4C62-B88E-256630726815}"
EndProject
Global
	GlobalSection(SolutionConfigurationPlatforms) = preSolution
		Debug|Any CPU = Debug|Any CPU
		Release|Any CPU = Release|Any CPU
	EndGlobalSection
	GlobalSection(ProjectConfigurationPlatforms) = postSolution
		{59A8B756-87EB-4F03-A148-56A495B0A4F8}.Debug|Any CPU.ActiveCfg = Debug|Any CPU
		{59A8B756-87EB-4F03-A148-56A495B0A4F8}.Debug|Any CPU.Build.0 = Debug|Any CPU
		{59A8B756-87EB-4F03-A148-56A495B0A4F8}.Release|Any CPU.ActiveCfg = Release|Any CPU
		{59A8B756-87EB-4F03-A148-56A495B0A4F8}.Release|Any CPU.Build.0 = Release|Any CPU
		{D28CDF5F-999C-4C62-B88E-256630726815}.Debug|Any CPU.ActiveCfg = Debug|Any CPU
		{D28CDF5F-999C-4C62-B88E-256630726815}.Debug|Any CPU.Build.0 = Debug|Any CPU
		{D28CDF5F-999C-4C62-B88E-256630726815}.Release|Any CPU.ActiveCfg = Release|Any CPU
		{D28CDF5F-999C-4C62-B88E-256630726815}.Release|Any CPU.Build.0 = Release|Any CPU
	EndGlobalSection
	GlobalSection(SolutionProperties) = preSolution
		HideSolutionNode = FALSE
	EndGlobalSection
	GlobalSection(ExtensibilityGlobals) = postSolution
		SolutionGuid = {3E987C63-094A-40D5-B00C-C5D476CEB042}
	EndGlobalSection
EndGlobal
