
Microsoft Visual Studio Solution File, Format Version 12.00
# Visual Studio Version 17
VisualStudioVersion = 17.5.002.0
MinimumVisualStudioVersion = 10.0.40219.1
Project("{9A19103F-16F7-4668-BE54-9A1E7A4F7556}") = "05-numeric-literals", "05-numeric-literals.csproj", "{B1ED983B-11C4-402C-9CC2-D500516C45A1}"
EndProject
Global
	GlobalSection(SolutionConfigurationPlatforms) = preSolution
		Debug|Any CPU = Debug|Any CPU
		Release|Any CPU = Release|Any CPU
	EndGlobalSection
	GlobalSection(ProjectConfigurationPlatforms) = postSolution
		{B1ED983B-11C4-402C-9CC2-D500516C45A1}.Debug|Any CPU.ActiveCfg = Debug|Any CPU
		{B1ED983B-11C4-402C-9CC2-D500516C45A1}.Debug|Any CPU.Build.0 = Debug|Any CPU
		{B1ED983B-11C4-402C-9CC2-D500516C45A1}.Release|Any CPU.ActiveCfg = Release|Any CPU
		{B1ED983B-11C4-402C-9CC2-D500516C45A1}.Release|Any CPU.Build.0 = Release|Any CPU
	EndGlobalSection
	GlobalSection(SolutionProperties) = preSolution
		HideSolutionNode = FALSE
	EndGlobalSection
	GlobalSection(ExtensibilityGlobals) = postSolution
		SolutionGuid = {DCEE5CF4-87EC-43D1-BEAB-D0494F0DECFE}
	EndGlobalSection
EndGlobal
