
Microsoft Visual Studio Solution File, Format Version 12.00
# Visual Studio Version 17
VisualStudioVersion = 17.5.002.0
MinimumVisualStudioVersion = 10.0.40219.1
Project("{9A19103F-16F7-4668-BE54-9A1E7A4F7556}") = "08-float_and_double_special_values", "08-float_and_double_special_values.csproj", "{68A25069-F602-4EF1-BDD0-5957A53B0F7A}"
EndProject
Global
	GlobalSection(SolutionConfigurationPlatforms) = preSolution
		Debug|Any CPU = Debug|Any CPU
		Release|Any CPU = Release|Any CPU
	EndGlobalSection
	GlobalSection(ProjectConfigurationPlatforms) = postSolution
		{68A25069-F602-4EF1-BDD0-5957A53B0F7A}.Debug|Any CPU.ActiveCfg = Debug|Any CPU
		{68A25069-F602-4EF1-BDD0-5957A53B0F7A}.Debug|Any CPU.Build.0 = Debug|Any CPU
		{68A25069-F602-4EF1-BDD0-5957A53B0F7A}.Release|Any CPU.ActiveCfg = Release|Any CPU
		{68A25069-F602-4EF1-BDD0-5957A53B0F7A}.Release|Any CPU.Build.0 = Release|Any CPU
		{3B7109B3-2621-486D-A0BE-05ACB3D98EF7}.Debug|Any CPU.ActiveCfg = Debug|Any CPU
		{3B7109B3-2621-486D-A0BE-05ACB3D98EF7}.Debug|Any CPU.Build.0 = Debug|Any CPU
		{3B7109B3-2621-486D-A0BE-05ACB3D98EF7}.Release|Any CPU.ActiveCfg = Release|Any CPU
		{3B7109B3-2621-486D-A0BE-05ACB3D98EF7}.Release|Any CPU.Build.0 = Release|Any CPU
	EndGlobalSection
	GlobalSection(SolutionProperties) = preSolution
		HideSolutionNode = FALSE
	EndGlobalSection
	GlobalSection(ExtensibilityGlobals) = postSolution
		SolutionGuid = {A4C6BE28-B68D-435C-845B-E5C802544E85}
	EndGlobalSection
EndGlobal
