
Microsoft Visual Studio Solution File, Format Version 12.00
# Visual Studio Version 17
VisualStudioVersion = 17.5.002.0
MinimumVisualStudioVersion = 10.0.40219.1
Project("{9A19103F-16F7-4668-BE54-9A1E7A4F7556}") = "19-class_ctor_dtor_finalizer", "19-class_ctor_dtor_finalizer.csproj", "{919A4DE4-C4B1-4F86-A595-E86B1A55EDEF}"
EndProject
Global
	GlobalSection(SolutionConfigurationPlatforms) = preSolution
		Debug|Any CPU = Debug|Any CPU
		Release|Any CPU = Release|Any CPU
	EndGlobalSection
	GlobalSection(ProjectConfigurationPlatforms) = postSolution
		{919A4DE4-C4B1-4F86-A595-E86B1A55EDEF}.Debug|Any CPU.ActiveCfg = Debug|Any CPU
		{919A4DE4-C4B1-4F86-A595-E86B1A55EDEF}.Debug|Any CPU.Build.0 = Debug|Any CPU
		{919A4DE4-C4B1-4F86-A595-E86B1A55EDEF}.Release|Any CPU.ActiveCfg = Release|Any CPU
		{919A4DE4-C4B1-4F86-A595-E86B1A55EDEF}.Release|Any CPU.Build.0 = Release|Any CPU
	EndGlobalSection
	GlobalSection(SolutionProperties) = preSolution
		HideSolutionNode = FALSE
	EndGlobalSection
	GlobalSection(ExtensibilityGlobals) = postSolution
		SolutionGuid = {38DE3DAD-2718-4A6D-A8A2-87792612741B}
	EndGlobalSection
EndGlobal
