
Microsoft Visual Studio Solution File, Format Version 12.00
# Visual Studio Version 17
VisualStudioVersion = 17.5.002.0
MinimumVisualStudioVersion = 10.0.40219.1
Project("{9A19103F-16F7-4668-BE54-9A1E7A4F7556}") = "11-character", "11-character.csproj", "{56E53B8A-27FB-48AE-95BB-0CB2F99987D9}"
EndProject
Global
	GlobalSection(SolutionConfigurationPlatforms) = preSolution
		Debug|Any CPU = Debug|Any CPU
		Release|Any CPU = Release|Any CPU
	EndGlobalSection
	GlobalSection(ProjectConfigurationPlatforms) = postSolution
		{56E53B8A-27FB-48AE-95BB-0CB2F99987D9}.Debug|Any CPU.ActiveCfg = Debug|Any CPU
		{56E53B8A-27FB-48AE-95BB-0CB2F99987D9}.Debug|Any CPU.Build.0 = Debug|Any CPU
		{56E53B8A-27FB-48AE-95BB-0CB2F99987D9}.Release|Any CPU.ActiveCfg = Release|Any CPU
		{56E53B8A-27FB-48AE-95BB-0CB2F99987D9}.Release|Any CPU.Build.0 = Release|Any CPU
		{8D8FAFA2-4E1E-4F7E-9039-0D7EE70E1AD3}.Debug|Any CPU.ActiveCfg = Debug|Any CPU
		{8D8FAFA2-4E1E-4F7E-9039-0D7EE70E1AD3}.Debug|Any CPU.Build.0 = Debug|Any CPU
		{8D8FAFA2-4E1E-4F7E-9039-0D7EE70E1AD3}.Release|Any CPU.ActiveCfg = Release|Any CPU
		{8D8FAFA2-4E1E-4F7E-9039-0D7EE70E1AD3}.Release|Any CPU.Build.0 = Release|Any CPU
	EndGlobalSection
	GlobalSection(SolutionProperties) = preSolution
		HideSolutionNode = FALSE
	EndGlobalSection
	GlobalSection(ExtensibilityGlobals) = postSolution
		SolutionGuid = {9D1BA9E9-409C-4C90-B216-93BA36B7AE42}
	EndGlobalSection
EndGlobal
